// !$*UTF8*$!
{
	archiveVersion = 1;
	classes = {
	};
	objectVersion = 46;
	objects = {

/* Begin PBXBuildFile section */
		D9052EB31CD9F61700EA8CCA /* main.m in Sources */ = {isa = PBXBuildFile; fileRef = D9052EB21CD9F61700EA8CCA /* main.m */; };
		D9052EB61CD9F61700EA8CCA /* AppDelegate.m in Sources */ = {isa = PBXBuildFile; fileRef = D9052EB51CD9F61700EA8CCA /* AppDelegate.m */; };
		D9052EB91CD9F61700EA8CCA /* MenuViewController.m in Sources */ = {isa = PBXBuildFile; fileRef = D9052EB81CD9F61700EA8CCA /* MenuViewController.m */; };
		D9052EBC1CD9F61700EA8CCA /* Main.storyboard in Resources */ = {isa = PBXBuildFile; fileRef = D9052EBA1CD9F61700EA8CCA /* Main.storyboard */; };
		D9052EBE1CD9F61700EA8CCA /* Assets.xcassets in Resources */ = {isa = PBXBuildFile; fileRef = D9052EBD1CD9F61700EA8CCA /* Assets.xcassets */; };
		D9052EC11CD9F61700EA8CCA /* LaunchScreen.storyboard in Resources */ = {isa = PBXBuildFile; fileRef = D9052EBF1CD9F61700EA8CCA /* LaunchScreen.storyboard */; };
		D9052ECC1CD9F61700EA8CCA /* ZoomingTransitionTests.m in Sources */ = {isa = PBXBuildFile; fileRef = D9052ECB1CD9F61700EA8CCA /* ZoomingTransitionTests.m */; };
		D9052ED71CD9F61700EA8CCA /* ZoomingTransitionUITests.m in Sources */ = {isa = PBXBuildFile; fileRef = D9052ED61CD9F61700EA8CCA /* ZoomingTransitionUITests.m */; };
		D9052EE61CDA074300EA8CCA /* ItemCell.m in Sources */ = {isa = PBXBuildFile; fileRef = D9052EE51CDA074300EA8CCA /* ItemCell.m */; };
		D9052EE91CDA0AF000EA8CCA /* DetailViewController.m in Sources */ = {isa = PBXBuildFile; fileRef = D9052EE81CDA0AF000EA8CCA /* DetailViewController.m */; };
		D9052EEC1CDA11C400EA8CCA /* ZoomingIconTransition.m in Sources */ = {isa = PBXBuildFile; fileRef = D9052EEB1CDA11C400EA8CCA /* ZoomingIconTransition.m */; };
/* End PBXBuildFile section */

/* Begin PBXContainerItemProxy section */
		D9052EC81CD9F61700EA8CCA /* PBXContainerItemProxy */ = {
			isa = PBXContainerItemProxy;
			containerPortal = D9052EA61CD9F61700EA8CCA /* Project object */;
			proxyType = 1;
			remoteGlobalIDString = D9052EAD1CD9F61700EA8CCA;
			remoteInfo = ZoomingTransition;
		};
		D9052ED31CD9F61700EA8CCA /* PBXContainerItemProxy */ = {
			isa = PBXContainerItemProxy;
			containerPortal = D9052EA61CD9F61700EA8CCA /* Project object */;
			proxyType = 1;
			remoteGlobalIDString = D9052EAD1CD9F61700EA8CCA;
			remoteInfo = ZoomingTransition;
		};
/* End PBXContainerItemProxy section */

/* Begin PBXFileReference section */
		D9052EAE1CD9F61700EA8CCA /* ZoomingTransition.app */ = {isa = PBXFileReference; explicitFileType = wrapper.application; includeInIndex = 0; path = ZoomingTransition.app; sourceTree = BUILT_PRODUCTS_DIR; };
		D9052EB21CD9F61700EA8CCA /* main.m */ = {isa = PBXFileReference; lastKnownFileType = sourcecode.c.objc; path = main.m; sourceTree = "<group>"; };
		D9052EB41CD9F61700EA8CCA /* AppDelegate.h */ = {isa = PBXFileReference; lastKnownFileType = sourcecode.c.h; path = AppDelegate.h; sourceTree = "<group>"; };
		D9052EB51CD9F61700EA8CCA /* AppDelegate.m */ = {isa = PBXFileReference; lastKnownFileType = sourcecode.c.objc; path = AppDelegate.m; sourceTree = "<group>"; };
		D9052EB71CD9F61700EA8CCA /* MenuViewController.h */ = {isa = PBXFileReference; lastKnownFileType = sourcecode.c.h; path = MenuViewController.h; sourceTree = "<group>"; };
		D9052EB81CD9F61700EA8CCA /* MenuViewController.m */ = {isa = PBXFileReference; lastKnownFileType = sourcecode.c.objc; path = MenuViewController.m; sourceTree = "<group>"; };
		D9052EBB1CD9F61700EA8CCA /* Base */ = {isa = PBXFileReference; lastKnownFileType = file.storyboard; name = Base; path = Base.lproj/Main.storyboard; sourceTree = "<group>"; };
		D9052EBD1CD9F61700EA8CCA /* Assets.xcassets */ = {isa = PBXFileReference; lastKnownFileType = folder.assetcatalog; path = Assets.xcassets; sourceTree = "<group>"; };
		D9052EC01CD9F61700EA8CCA /* Base */ = {isa = PBXFileReference; lastKnownFileType = file.storyboard; name = Base; path = Base.lproj/LaunchScreen.storyboard; sourceTree = "<group>"; };
		D9052EC21CD9F61700EA8CCA /* Info.plist */ = {isa = PBXFileReference; lastKnownFileType = text.plist.xml; path = Info.plist; sourceTree = "<group>"; };
		D9052EC71CD9F61700EA8CCA /* ZoomingTransitionTests.xctest */ = {isa = PBXFileReference; explicitFileType = wrapper.cfbundle; includeInIndex = 0; path = ZoomingTransitionTests.xctest; sourceTree = BUILT_PRODUCTS_DIR; };
		D9052ECB1CD9F61700EA8CCA /* ZoomingTransitionTests.m */ = {isa = PBXFileReference; lastKnownFileType = sourcecode.c.objc; path = ZoomingTransitionTests.m; sourceTree = "<group>"; };
		D9052ECD1CD9F61700EA8CCA /* Info.plist */ = {isa = PBXFileReference; lastKnownFileType = text.plist.xml; path = Info.plist; sourceTree = "<group>"; };
		D9052ED21CD9F61700EA8CCA /* ZoomingTransitionUITests.xctest */ = {isa = PBXFileReference; explicitFileType = wrapper.cfbundle; includeInIndex = 0; path = ZoomingTransitionUITests.xctest; sourceTree = BUILT_PRODUCTS_DIR; };
		D9052ED61CD9F61700EA8CCA /* ZoomingTransitionUITests.m */ = {isa = PBXFileReference; lastKnownFileType = sourcecode.c.objc; path = ZoomingTransitionUITests.m; sourceTree = "<group>"; };
		D9052ED81CD9F61700EA8CCA /* Info.plist */ = {isa = PBXFileReference; lastKnownFileType = text.plist.xml; path = Info.plist; sourceTree = "<group>"; };
		D9052EE41CDA074300EA8CCA /* ItemCell.h */ = {isa = PBXFileReference; fileEncoding = 4; lastKnownFileType = sourcecode.c.h; path = ItemCell.h; sourceTree = "<group>"; };
		D9052EE51CDA074300EA8CCA /* ItemCell.m */ = {isa = PBXFileReference; fileEncoding = 4; lastKnownFileType = sourcecode.c.objc; path = ItemCell.m; sourceTree = "<group>"; };
		D9052EE71CDA0AF000EA8CCA /* DetailViewController.h */ = {isa = PBXFileReference; fileEncoding = 4; lastKnownFileType = sourcecode.c.h; path = DetailViewController.h; sourceTree = "<group>"; };
		D9052EE81CDA0AF000EA8CCA /* DetailViewController.m */ = {isa = PBXFileReference; fileEncoding = 4; lastKnownFileType = sourcecode.c.objc; path = DetailViewController.m; sourceTree = "<group>"; };
		D9052EEA1CDA11C400EA8CCA /* ZoomingIconTransition.h */ = {isa = PBXFileReference; fileEncoding = 4; lastKnownFileType = sourcecode.c.h; path = ZoomingIconTransition.h; sourceTree = "<group>"; };
		D9052EEB1CDA11C400EA8CCA /* ZoomingIconTransition.m */ = {isa = PBXFileReference; fileEncoding = 4; lastKnownFileType = sourcecode.c.objc; path = ZoomingIconTransition.m; sourceTree = "<group>"; };
/* End PBXFileReference section */

/* Begin PBXFrameworksBuildPhase section */
		D9052EAB1CD9F61700EA8CCA /* Frameworks */ = {
			isa = PBXFrameworksBuildPhase;
			buildActionMask = 2147483647;
			files = (
			);
			runOnlyForDeploymentPostprocessing = 0;
		};
		D9052EC41CD9F61700EA8CCA /* Frameworks */ = {
			isa = PBXFrameworksBuildPhase;
			buildActionMask = 2147483647;
			files = (
			);
			runOnlyForDeploymentPostprocessing = 0;
		};
		D9052ECF1CD9F61700EA8CCA /* Frameworks */ = {
			isa = PBXFrameworksBuildPhase;
			buildActionMask = 2147483647;
			files = (
			);
			runOnlyForDeploymentPostprocessing = 0;
		};
/* End PBXFrameworksBuildPhase section */

/* Begin PBXGroup section */
		D9052EA51CD9F61700EA8CCA = {
			isa = PBXGroup;
			children = (
				D9052EB01CD9F61700EA8CCA /* ZoomingTransition */,
				D9052ECA1CD9F61700EA8CCA /* ZoomingTransitionTests */,
				D9052ED51CD9F61700EA8CCA /* ZoomingTransitionUITests */,
				D9052EAF1CD9F61700EA8CCA /* Products */,
			);
			sourceTree = "<group>";
		};
		D9052EAF1CD9F61700EA8CCA /* Products */ = {
			isa = PBXGroup;
			children = (
				D9052EAE1CD9F61700EA8CCA /* ZoomingTransition.app */,
				D9052EC71CD9F61700EA8CCA /* ZoomingTransitionTests.xctest */,
				D9052ED21CD9F61700EA8CCA /* ZoomingTransitionUITests.xctest */,
			);
			name = Products;
			sourceTree = "<group>";
		};
		D9052EB01CD9F61700EA8CCA /* ZoomingTransition */ = {
			isa = PBXGroup;
			children = (
				D9052EB41CD9F61700EA8CCA /* AppDelegate.h */,
				D9052EB51CD9F61700EA8CCA /* AppDelegate.m */,
				D9052EB71CD9F61700EA8CCA /* MenuViewController.h */,
				D9052EB81CD9F61700EA8CCA /* MenuViewController.m */,
				D9052EE71CDA0AF000EA8CCA /* DetailViewController.h */,
				D9052EE81CDA0AF000EA8CCA /* DetailViewController.m */,
				D9052EE41CDA074300EA8CCA /* ItemCell.h */,
				D9052EE51CDA074300EA8CCA /* ItemCell.m */,
				D9052EBA1CD9F61700EA8CCA /* Main.storyboard */,
				D9052EBD1CD9F61700EA8CCA /* Assets.xcassets */,
				D9052EBF1CD9F61700EA8CCA /* LaunchScreen.storyboard */,
				D9052EC21CD9F61700EA8CCA /* Info.plist */,
				D9052EB11CD9F61700EA8CCA /* Supporting Files */,
				D9052EEA1CDA11C400EA8CCA /* ZoomingIconTransition.h */,
				D9052EEB1CDA11C400EA8CCA /* ZoomingIconTransition.m */,
			);
			path = ZoomingTransition;
			sourceTree = "<group>";
		};
		D9052EB11CD9F61700EA8CCA /* Supporting Files */ = {
			isa = PBXGroup;
			children = (
				D9052EB21CD9F61700EA8CCA /* main.m */,
			);
			name = "Supporting Files";
			sourceTree = "<group>";
		};
		D9052ECA1CD9F61700EA8CCA /* ZoomingTransitionTests */ = {
			isa = PBXGroup;
			children = (
				D9052ECB1CD9F61700EA8CCA /* ZoomingTransitionTests.m */,
				D9052ECD1CD9F61700EA8CCA /* Info.plist */,
			);
			path = ZoomingTransitionTests;
			sourceTree = "<group>";
		};
		D9052ED51CD9F61700EA8CCA /* ZoomingTransitionUITests */ = {
			isa = PBXGroup;
			children = (
				D9052ED61CD9F61700EA8CCA /* ZoomingTransitionUITests.m */,
				D9052ED81CD9F61700EA8CCA /* Info.plist */,
			);
			path = ZoomingTransitionUITests;
			sourceTree = "<group>";
		};
/* End PBXGroup section */

/* Begin PBXNativeTarget section */
		D9052EAD1CD9F61700EA8CCA /* ZoomingTransition */ = {
			isa = PBXNativeTarget;
			buildConfigurationList = D9052EDB1CD9F61700EA8CCA /* Build configuration list for PBXNativeTarget "ZoomingTransition" */;
			buildPhases = (
				D9052EAA1CD9F61700EA8CCA /* Sources */,
				D9052EAB1CD9F61700EA8CCA /* Frameworks */,
				D9052EAC1CD9F61700EA8CCA /* Resources */,
			);
			buildRules = (
			);
			dependencies = (
			);
			name = ZoomingTransition;
			productName = ZoomingTransition;
			productReference = D9052EAE1CD9F61700EA8CCA /* ZoomingTransition.app */;
			productType = "com.apple.product-type.application";
		};
		D9052EC61CD9F61700EA8CCA /* ZoomingTransitionTests */ = {
			isa = PBXNativeTarget;
			buildConfigurationList = D9052EDE1CD9F61700EA8CCA /* Build configuration list for PBXNativeTarget "ZoomingTransitionTests" */;
			buildPhases = (
				D9052EC31CD9F61700EA8CCA /* Sources */,
				D9052EC41CD9F61700EA8CCA /* Frameworks */,
				D9052EC51CD9F61700EA8CCA /* Resources */,
			);
			buildRules = (
			);
			dependencies = (
				D9052EC91CD9F61700EA8CCA /* PBXTargetDependency */,
			);
			name = ZoomingTransitionTests;
			productName = ZoomingTransitionTests;
			productReference = D9052EC71CD9F61700EA8CCA /* ZoomingTransitionTests.xctest */;
			productType = "com.apple.product-type.bundle.unit-test";
		};
		D9052ED11CD9F61700EA8CCA /* ZoomingTransitionUITests */ = {
			isa = PBXNativeTarget;
			buildConfigurationList = D9052EE11CD9F61700EA8CCA /* Build configuration list for PBXNativeTarget "ZoomingTransitionUITests" */;
			buildPhases = (
				D9052ECE1CD9F61700EA8CCA /* Sources */,
				D9052ECF1CD9F61700EA8CCA /* Frameworks */,
				D9052ED01CD9F61700EA8CCA /* Resources */,
			);
			buildRules = (
			);
			dependencies = (
				D9052ED41CD9F61700EA8CCA /* PBXTargetDependency */,
			);
			name = ZoomingTransitionUITests;
			productName = ZoomingTransitionUITests;
			productReference = D9052ED21CD9F61700EA8CCA /* ZoomingTransitionUITests.xctest */;
			productType = "com.apple.product-type.bundle.ui-testing";
		};
/* End PBXNativeTarget section */

/* Begin PBXProject section */
		D9052EA61CD9F61700EA8CCA /* Project object */ = {
			isa = PBXProject;
			attributes = {
				LastUpgradeCheck = 0730;
				ORGANIZATIONNAME = AluxionLabs;
				TargetAttributes = {
					D9052EAD1CD9F61700EA8CCA = {
						CreatedOnToolsVersion = 7.3;
					};
					D9052EC61CD9F61700EA8CCA = {
						CreatedOnToolsVersion = 7.3;
						TestTargetID = D9052EAD1CD9F61700EA8CCA;
					};
					D9052ED11CD9F61700EA8CCA = {
						CreatedOnToolsVersion = 7.3;
						TestTargetID = D9052EAD1CD9F61700EA8CCA;
					};
				};
			};
			buildConfigurationList = D9052EA91CD9F61700EA8CCA /* Build configuration list for PBXProject "ZoomingTransition" */;
			compatibilityVersion = "Xcode 3.2";
			developmentRegion = English;
			hasScannedForEncodings = 0;
			knownRegions = (
				en,
				Base,
			);
			mainGroup = D9052EA51CD9F61700EA8CCA;
			productRefGroup = D9052EAF1CD9F61700EA8CCA /* Products */;
			projectDirPath = "";
			projectRoot = "";
			targets = (
				D9052EAD1CD9F61700EA8CCA /* ZoomingTransition */,
				D9052EC61CD9F61700EA8CCA /* ZoomingTransitionTests */,
				D9052ED11CD9F61700EA8CCA /* ZoomingTransitionUITests */,
			);
		};
/* End PBXProject section */

/* Begin PBXResourcesBuildPhase section */
		D9052EAC1CD9F61700EA8CCA /* Resources */ = {
			isa = PBXResourcesBuildPhase;
			buildActionMask = 2147483647;
			files = (
				D9052EC11CD9F61700EA8CCA /* LaunchScreen.storyboard in Resources */,
				D9052EBE1CD9F61700EA8CCA /* Assets.xcassets in Resources */,
				D9052EBC1CD9F61700EA8CCA /* Main.storyboard in Resources */,
			);
			runOnlyForDeploymentPostprocessing = 0;
		};
		D9052EC51CD9F61700EA8CCA /* Resources */ = {
			isa = PBXResourcesBuildPhase;
			buildActionMask = 2147483647;
			files = (
			);
			runOnlyForDeploymentPostprocessing = 0;
		};
		D9052ED01CD9F61700EA8CCA /* Resources */ = {
			isa = PBXResourcesBuildPhase;
			buildActionMask = 2147483647;
			files = (
			);
			runOnlyForDeploymentPostprocessing = 0;
		};
/* End PBXResourcesBuildPhase section */

/* Begin PBXSourcesBuildPhase section */
		D9052EAA1CD9F61700EA8CCA /* Sources */ = {
			isa = PBXSourcesBuildPhase;
			buildActionMask = 2147483647;
			files = (
				D9052EE91CDA0AF000EA8CCA /* DetailViewController.m in Sources */,
				D9052EEC1CDA11C400EA8CCA /* ZoomingIconTransition.m in Sources */,
				D9052EB91CD9F61700EA8CCA /* MenuViewController.m in Sources */,
				D9052EE61CDA074300EA8CCA /* ItemCell.m in Sources */,
				D9052EB61CD9F61700EA8CCA /* AppDelegate.m in Sources */,
				D9052EB31CD9F61700EA8CCA /* main.m in Sources */,
			);
			runOnlyForDeploymentPostprocessing = 0;
		};
		D9052EC31CD9F61700EA8CCA /* Sources */ = {
			isa = PBXSourcesBuildPhase;
			buildActionMask = 2147483647;
			files = (
				D9052ECC1CD9F61700EA8CCA /* ZoomingTransitionTests.m in Sources */,
			);
			runOnlyForDeploymentPostprocessing = 0;
		};
		D9052ECE1CD9F61700EA8CCA /* Sources */ = {
			isa = PBXSourcesBuildPhase;
			buildActionMask = 2147483647;
			files = (
				D9052ED71CD9F61700EA8CCA /* ZoomingTransitionUITests.m in Sources */,
			);
			runOnlyForDeploymentPostprocessing = 0;
		};
/* End PBXSourcesBuildPhase section */

/* Begin PBXTargetDependency section */
		D9052EC91CD9F61700EA8CCA /* PBXTargetDependency */ = {
			isa = PBXTargetDependency;
			target = D9052EAD1CD9F61700EA8CCA /* ZoomingTransition */;
			targetProxy = D9052EC81CD9F61700EA8CCA /* PBXContainerItemProxy */;
		};
		D9052ED41CD9F61700EA8CCA /* PBXTargetDependency */ = {
			isa = PBXTargetDependency;
			target = D9052EAD1CD9F61700EA8CCA /* ZoomingTransition */;
			targetProxy = D9052ED31CD9F61700EA8CCA /* PBXContainerItemProxy */;
		};
/* End PBXTargetDependency section */

/* Begin PBXVariantGroup section */
		D9052EBA1CD9F61700EA8CCA /* Main.storyboard */ = {
			isa = PBXVariantGroup;
			children = (
				D9052EBB1CD9F61700EA8CCA /* Base */,
			);
			name = Main.storyboard;
			sourceTree = "<group>";
		};
		D9052EBF1CD9F61700EA8CCA /* LaunchScreen.storyboard */ = {
			isa = PBXVariantGroup;
			children = (
				D9052EC01CD9F61700EA8CCA /* Base */,
			);
			name = LaunchScreen.storyboard;
			sourceTree = "<group>";
		};
/* End PBXVariantGroup section */

/* Begin XCBuildConfiguration section */
		D9052ED91CD9F61700EA8CCA /* Debug */ = {
			isa = XCBuildConfiguration;
			buildSettings = {
				ALWAYS_SEARCH_USER_PATHS = NO;
				CLANG_ANALYZER_NONNULL = YES;
				CLANG_CXX_LANGUAGE_STANDARD = "gnu++0x";
				CLANG_CXX_LIBRARY = "libc++";
				CLANG_ENABLE_MODULES = YES;
				CLANG_ENABLE_OBJC_ARC = YES;
				CLANG_WARN_BOOL_CONVERSION = YES;
				CLANG_WARN_CONSTANT_CONVERSION = YES;
				CLANG_WARN_DIRECT_OBJC_ISA_USAGE = YES_ERROR;
				CLANG_WARN_EMPTY_BODY = YES;
				CLANG_WARN_ENUM_CONVERSION = YES;
				CLANG_WARN_INT_CONVERSION = YES;
				CLANG_WARN_OBJC_ROOT_CLASS = YES_ERROR;
				CLANG_WARN_UNREACHABLE_CODE = YES;
				CLANG_WARN__DUPLICATE_METHOD_MATCH = YES;
				"CODE_SIGN_IDENTITY[sdk=iphoneos*]" = "iPhone Developer";
				COPY_PHASE_STRIP = NO;
				DEBUG_INFORMATION_FORMAT = dwarf;
				ENABLE_STRICT_OBJC_MSGSEND = YES;
				ENABLE_TESTABILITY = YES;
				GCC_C_LANGUAGE_STANDARD = gnu99;
				GCC_DYNAMIC_NO_PIC = NO;
				GCC_NO_COMMON_BLOCKS = YES;
				GCC_OPTIMIZATION_LEVEL = 0;
				GCC_PREPROCESSOR_DEFINITIONS = (
					"DEBUG=1",
					"$(inherited)",
				);
				GCC_WARN_64_TO_32_BIT_CONVERSION = YES;
				GCC_WARN_ABOUT_RETURN_TYPE = YES_ERROR;
				GCC_WARN_UNDECLARED_SELECTOR = YES;
				GCC_WARN_UNINITIALIZED_AUTOS = YES_AGGRESSIVE;
				GCC_WARN_UNUSED_FUNCTION = YES;
				GCC_WARN_UNUSED_VARIABLE = YES;
				IPHONEOS_DEPLOYMENT_TARGET = 9.3;
				MTL_ENABLE_DEBUG_INFO = YES;
				ONLY_ACTIVE_ARCH = YES;
				SDKROOT = iphoneos;
				TARGETED_DEVICE_FAMILY = "1,2";
			};
			name = Debug;
		};
		D9052EDA1CD9F61700EA8CCA /* Release */ = {
			isa = XCBuildConfiguration;
			buildSettings = {
				ALWAYS_SEARCH_USER_PATHS = NO;
				CLANG_ANALYZER_NONNULL = YES;
				CLANG_CXX_LANGUAGE_STANDARD = "gnu++0x";
				CLANG_CXX_LIBRARY = "libc++";
				CLANG_ENABLE_MODULES = YES;
				CLANG_ENABLE_OBJC_ARC = YES;
				CLANG_WARN_BOOL_CONVERSION = YES;
				CLANG_WARN_CONSTANT_CONVERSION = YES;
				CLANG_WARN_DIRECT_OBJC_ISA_USAGE = YES_ERROR;
				CLANG_WARN_EMPTY_BODY = YES;
				CLANG_WARN_ENUM_CONVERSION = YES;
				CLANG_WARN_INT_CONVERSION = YES;
				CLANG_WARN_OBJC_ROOT_CLASS = YES_ERROR;
				CLANG_WARN_UNREACHABLE_CODE = YES;
				CLANG_WARN__DUPLICATE_METHOD_MATCH = YES;
				"CODE_SIGN_IDENTITY[sdk=iphoneos*]" = "iPhone Developer";
				COPY_PHASE_STRIP = NO;
				DEBUG_INFORMATION_FORMAT = "dwarf-with-dsym";
				ENABLE_NS_ASSERTIONS = NO;
				ENABLE_STRICT_OBJC_MSGSEND = YES;
				GCC_C_LANGUAGE_STANDARD = gnu99;
				GCC_NO_COMMON_BLOCKS = YES;
				GCC_WARN_64_TO_32_BIT_CONVERSION = YES;
				GCC_WARN_ABOUT_RETURN_TYPE = YES_ERROR;
				GCC_WARN_UNDECLARED_SELECTOR = YES;
				GCC_WARN_UNINITIALIZED_AUTOS = YES_AGGRESSIVE;
				GCC_WARN_UNUSED_FUNCTION = YES;
				GCC_WARN_UNUSED_VARIABLE = YES;
				IPHONEOS_DEPLOYMENT_TARGET = 9.3;
				MTL_ENABLE_DEBUG_INFO = NO;
				SDKROOT = iphoneos;
				TARGETED_DEVICE_FAMILY = "1,2";
				VALIDATE_PRODUCT = YES;
			};
			name = Release;
		};
		D9052EDC1CD9F61700EA8CCA /* Debug */ = {
			isa = XCBuildConfiguration;
			buildSettings = {
				ASSETCATALOG_COMPILER_APPICON_NAME = AppIcon;
				INFOPLIST_FILE = ZoomingTransition/Info.plist;
				LD_RUNPATH_SEARCH_PATHS = "$(inherited) @executable_path/Frameworks";
				PRODUCT_BUNDLE_IDENTIFIER = com.katade.ZoomingTransition;
				PRODUCT_NAME = "$(TARGET_NAME)";
			};
			name = Debug;
		};
		D9052EDD1CD9F61700EA8CCA /* Release */ = {
			isa = XCBuildConfiguration;
			buildSettings = {
				ASSETCATALOG_COMPILER_APPICON_NAME = AppIcon;
				INFOPLIST_FILE = ZoomingTransition/Info.plist;
				LD_RUNPATH_SEARCH_PATHS = "$(inherited) @executable_path/Frameworks";
				PRODUCT_BUNDLE_IDENTIFIER = com.katade.ZoomingTransition;
				PRODUCT_NAME = "$(TARGET_NAME)";
			};
			name = Release;
		};
		D9052EDF1CD9F61700EA8CCA /* Debug */ = {
			isa = XCBuildConfiguration;
			buildSettings = {
				BUNDLE_LOADER = "$(TEST_HOST)";
				INFOPLIST_FILE = ZoomingTransitionTests/Info.plist;
				LD_RUNPATH_SEARCH_PATHS = "$(inherited) @executable_path/Frameworks @loader_path/Frameworks";
				PRODUCT_BUNDLE_IDENTIFIER = com.katade.ZoomingTransitionTests;
				PRODUCT_NAME = "$(TARGET_NAME)";
				TEST_HOST = "$(BUILT_PRODUCTS_DIR)/ZoomingTransition.app/ZoomingTransition";
			};
			name = Debug;
		};
		D9052EE01CD9F61700EA8CCA /* Release */ = {
			isa = XCBuildConfiguration;
			buildSettings = {
				BUNDLE_LOADER = "$(TEST_HOST)";
				INFOPLIST_FILE = ZoomingTransitionTests/Info.plist;
				LD_RUNPATH_SEARCH_PATHS = "$(inherited) @executable_path/Frameworks @loader_path/Frameworks";
				PRODUCT_BUNDLE_IDENTIFIER = com.katade.ZoomingTransitionTests;
				PRODUCT_NAME = "$(TARGET_NAME)";
				TEST_HOST = "$(BUILT_PRODUCTS_DIR)/ZoomingTransition.app/ZoomingTransition";
			};
			name = Release;
		};
		D9052EE21CD9F61700EA8CCA /* Debug */ = {
			isa = XCBuildConfiguration;
			buildSettings = {
				INFOPLIST_FILE = ZoomingTransitionUITests/Info.plist;
				LD_RUNPATH_SEARCH_PATHS = "$(inherited) @executable_path/Frameworks @loader_path/Frameworks";
				PRODUCT_BUNDLE_IDENTIFIER = com.katade.ZoomingTransitionUITests;
				PRODUCT_NAME = "$(TARGET_NAME)";
				TEST_TARGET_NAME = ZoomingTransition;
			};
			name = Debug;
		};
		D9052EE31CD9F61700EA8CCA /* Release */ = {
			isa = XCBuildConfiguration;
			buildSettings = {
				INFOPLIST_FILE = ZoomingTransitionUITests/Info.plist;
				LD_RUNPATH_SEARCH_PATHS = "$(inherited) @executable_path/Frameworks @loader_path/Frameworks";
				PRODUCT_BUNDLE_IDENTIFIER = com.katade.ZoomingTransitionUITests;
				PRODUCT_NAME = "$(TARGET_NAME)";
				TEST_TARGET_NAME = ZoomingTransition;
			};
			name = Release;
		};
/* End XCBuildConfiguration section */

/* Begin XCConfigurationList section */
		D9052EA91CD9F61700EA8CCA /* Build configuration list for PBXProject "ZoomingTransition" */ = {
			isa = XCConfigurationList;
			buildConfigurations = (
				D9052ED91CD9F61700EA8CCA /* Debug */,
				D9052EDA1CD9F61700EA8CCA /* Release */,
			);
			defaultConfigurationIsVisible = 0;
			defaultConfigurationName = Release;
		};
		D9052EDB1CD9F61700EA8CCA /* Build configuration list for PBXNativeTarget "ZoomingTransition" */ = {
			isa = XCConfigurationList;
			buildConfigurations = (
				D9052EDC1CD9F61700EA8CCA /* Debug */,
				D9052EDD1CD9F61700EA8CCA /* Release */,
			);
			defaultConfigurationIsVisible = 0;
			defaultConfigurationName = Release;
		};
		D9052EDE1CD9F61700EA8CCA /* Build configuration list for PBXNativeTarget "ZoomingTransitionTests" */ = {
			isa = XCConfigurationList;
			buildConfigurations = (
				D9052EDF1CD9F61700EA8CCA /* Debug */,
				D9052EE01CD9F61700EA8CCA /* Release */,
			);
			defaultConfigurationIsVisible = 0;
			defaultConfigurationName = Release;
		};
		D9052EE11CD9F61700EA8CCA /* Build configuration list for PBXNativeTarget "ZoomingTransitionUITests" */ = {
			isa = XCConfigurationList;
			buildConfigurations = (
				D9052EE21CD9F61700EA8CCA /* Debug */,
				D9052EE31CD9F61700EA8CCA /* Release */,
			);
			defaultConfigurationIsVisible = 0;
			defaultConfigurationName = Release;
		};
/* End XCConfigurationList section */
	};
	rootObject = D9052EA61CD9F61700EA8CCA /* Project object */;
}
